
Microsoft Visual Studio Solution File, Format Version 12.00
# Visual Studio Version 17
VisualStudioVersion = 17.8.34330.188
MinimumVisualStudioVersion = 10.0.40219.1
Project("{9A19103F-16F7-4668-BE54-9A1E7A4F7556}") = "JsFactory", "JsFactory\JsFactory.csproj", "{385D14EA-498D-4BEF-84DA-A1ED52ADFBB8}"
EndProject
Global
	GlobalSection(SolutionConfigurationPlatforms) = preSolution
		Debug|Any CPU = Debug|Any CPU
		Release|Any CPU = Release|Any CPU
	EndGlobalSection
	GlobalSection(ProjectConfigurationPlatforms) = postSolution
		{385D14EA-498D-4BEF-84DA-A1ED52ADFBB8}.Debug|Any CPU.ActiveCfg = Debug|Any CPU
		{385D14EA-498D-4BEF-84DA-A1ED52ADFBB8}.Debug|Any CPU.Build.0 = Debug|Any CPU
		{385D14EA-498D-4BEF-84DA-A1ED52ADFBB8}.Release|Any CPU.ActiveCfg = Release|Any CPU
		{385D14EA-498D-4BEF-84DA-A1ED52ADFBB8}.Release|Any CPU.Build.0 = Release|Any CPU
	EndGlobalSection
	GlobalSection(SolutionProperties) = preSolution
		HideSolutionNode = FALSE
	EndGlobalSection
	GlobalSection(ExtensibilityGlobals) = postSolution
		SolutionGuid = {2486A157-2807-4BAB-8814-72906AE7423A}
	EndGlobalSection
EndGlobal
