
Microsoft Visual Studio Solution File, Format Version 12.00
# Visual Studio Version 17
VisualStudioVersion = 17.8.34330.188
MinimumVisualStudioVersion = 10.0.40219.1
Project("{9A19103F-16F7-4668-BE54-9A1E7A4F7556}") = "WebMvc1", "WebMvc1\WebMvc1.csproj", "{D1D2122D-888E-4DAF-AE91-2D2C33B8AC9D}"
EndProject
Global
	GlobalSection(SolutionConfigurationPlatforms) = preSolution
		Debug|Any CPU = Debug|Any CPU
		Release|Any CPU = Release|Any CPU
	EndGlobalSection
	GlobalSection(ProjectConfigurationPlatforms) = postSolution
		{D1D2122D-888E-4DAF-AE91-2D2C33B8AC9D}.Debug|Any CPU.ActiveCfg = Debug|Any CPU
		{D1D2122D-888E-4DAF-AE91-2D2C33B8AC9D}.Debug|Any CPU.Build.0 = Debug|Any CPU
		{D1D2122D-888E-4DAF-AE91-2D2C33B8AC9D}.Release|Any CPU.ActiveCfg = Release|Any CPU
		{D1D2122D-888E-4DAF-AE91-2D2C33B8AC9D}.Release|Any CPU.Build.0 = Release|Any CPU
	EndGlobalSection
	GlobalSection(SolutionProperties) = preSolution
		HideSolutionNode = FALSE
	EndGlobalSection
	GlobalSection(ExtensibilityGlobals) = postSolution
		SolutionGuid = {E0CD8F05-4B17-428A-ABF1-B9904F6C6F42}
	EndGlobalSection
EndGlobal
