
Microsoft Visual Studio Solution File, Format Version 12.00
# Visual Studio Version 17
VisualStudioVersion = 17.8.34330.188
MinimumVisualStudioVersion = 10.0.40219.1
Project("{FAE04EC0-301F-11D3-BF4B-00C04F79EFBC}") = "WbpTest", "WbpTest.csproj", "{6E918785-5F9F-4EFB-A14B-145B6C5FD92A}"
EndProject
Global
	GlobalSection(SolutionConfigurationPlatforms) = preSolution
		Debug|Any CPU = Debug|Any CPU
		Release|Any CPU = Release|Any CPU
	EndGlobalSection
	GlobalSection(ProjectConfigurationPlatforms) = postSolution
		{6E918785-5F9F-4EFB-A14B-145B6C5FD92A}.Debug|Any CPU.ActiveCfg = Debug|Any CPU
		{6E918785-5F9F-4EFB-A14B-145B6C5FD92A}.Debug|Any CPU.Build.0 = Debug|Any CPU
		{6E918785-5F9F-4EFB-A14B-145B6C5FD92A}.Release|Any CPU.ActiveCfg = Release|Any CPU
		{6E918785-5F9F-4EFB-A14B-145B6C5FD92A}.Release|Any CPU.Build.0 = Release|Any CPU
	EndGlobalSection
	GlobalSection(SolutionProperties) = preSolution
		HideSolutionNode = FALSE
	EndGlobalSection
	GlobalSection(ExtensibilityGlobals) = postSolution
		SolutionGuid = {A90375BF-C3ED-4827-8FCA-74EC0A263BE6}
	EndGlobalSection
EndGlobal
